
Microsoft Visual Studio Solution File, Format Version 12.00
# Visual Studio Version 17
VisualStudioVersion = 17.6.33815.320
MinimumVisualStudioVersion = 10.0.40219.1
Project("{FAE04EC0-301F-11D3-BF4B-00C04F79EFBC}") = "MicrosoftSQLServerConnectivity", "MicrosoftSQLServerConnectivity\MicrosoftSQLServerConnectivity.csproj", "{A7450935-3686-421A-83FD-F1823C149465}"
EndProject
Global
	GlobalSection(SolutionConfigurationPlatforms) = preSolution
		Debug|Any CPU = Debug|Any CPU
		Release|Any CPU = Release|Any CPU
	EndGlobalSection
	GlobalSection(ProjectConfigurationPlatforms) = postSolution
		{A7450935-3686-421A-83FD-F1823C149465}.Debug|Any CPU.ActiveCfg = Debug|Any CPU
		{A7450935-3686-421A-83FD-F1823C149465}.Debug|Any CPU.Build.0 = Debug|Any CPU
		{A7450935-3686-421A-83FD-F1823C149465}.Release|Any CPU.ActiveCfg = Release|Any CPU
		{A7450935-3686-421A-83FD-F1823C149465}.Release|Any CPU.Build.0 = Release|Any CPU
	EndGlobalSection
	GlobalSection(SolutionProperties) = preSolution
		HideSolutionNode = FALSE
	EndGlobalSection
	GlobalSection(ExtensibilityGlobals) = postSolution
		SolutionGuid = {20CC04FE-2747-4C86-B69E-DE66AC3FFF92}
	EndGlobalSection
EndGlobal
